
Microsoft Visual Studio Solution File, Format Version 12.00
# Visual Studio Version 18
VisualStudioVersion = 18.2.11415.280 d18.0
MinimumVisualStudioVersion = 10.0.40219.1
Project("{FAE04EC0-301F-11D3-BF4B-00C04F79EFBC}") = "MyBasisWebApi_Presentation", "MyBasisWebApi\MyBasisWebApi_Presentation.csproj", "{1B049811-3568-4EA0-84C6-684E0F1E9978}"
EndProject
Project("{FAE04EC0-301F-11D3-BF4B-00C04F79EFBC}") = "MyBasisWebApi_Logic", "BLL\MyBasisWebApi_Logic.csproj", "{7F55AF61-68C2-4323-9508-A9F2D7C1A5C9}"
EndProject
Project("{FAE04EC0-301F-11D3-BF4B-00C04F79EFBC}") = "MyBasisWebApi_DataAccess", "DAL\MyBasisWebApi_DataAccess.csproj", "{84C963DF-C302-4A56-B628-7DC3FB75198E}"
EndProject
Global
	GlobalSection(SolutionConfigurationPlatforms) = preSolution
		Debug|Any CPU = Debug|Any CPU
		Debug|x64 = Debug|x64
		Debug|x86 = Debug|x86
		Release|Any CPU = Release|Any CPU
		Release|x64 = Release|x64
		Release|x86 = Release|x86
	EndGlobalSection
	GlobalSection(ProjectConfigurationPlatforms) = postSolution
		{1B049811-3568-4EA0-84C6-684E0F1E9978}.Debug|Any CPU.ActiveCfg = Debug|Any CPU
		{1B049811-3568-4EA0-84C6-684E0F1E9978}.Debug|Any CPU.Build.0 = Debug|Any CPU
		{1B049811-3568-4EA0-84C6-684E0F1E9978}.Debug|x64.ActiveCfg = Debug|Any CPU
		{1B049811-3568-4EA0-84C6-684E0F1E9978}.Debug|x64.Build.0 = Debug|Any CPU
		{1B049811-3568-4EA0-84C6-684E0F1E9978}.Debug|x86.ActiveCfg = Debug|Any CPU
		{1B049811-3568-4EA0-84C6-684E0F1E9978}.Debug|x86.Build.0 = Debug|Any CPU
		{1B049811-3568-4EA0-84C6-684E0F1E9978}.Release|Any CPU.ActiveCfg = Release|Any CPU
		{1B049811-3568-4EA0-84C6-684E0F1E9978}.Release|Any CPU.Build.0 = Release|Any CPU
		{1B049811-3568-4EA0-84C6-684E0F1E9978}.Release|x64.ActiveCfg = Release|Any CPU
		{1B049811-3568-4EA0-84C6-684E0F1E9978}.Release|x64.Build.0 = Release|Any CPU
		{1B049811-3568-4EA0-84C6-684E0F1E9978}.Release|x86.ActiveCfg = Release|Any CPU
		{1B049811-3568-4EA0-84C6-684E0F1E9978}.Release|x86.Build.0 = Release|Any CPU
		{7F55AF61-68C2-4323-9508-A9F2D7C1A5C9}.Debug|Any CPU.ActiveCfg = Debug|Any CPU
		{7F55AF61-68C2-4323-9508-A9F2D7C1A5C9}.Debug|Any CPU.Build.0 = Debug|Any CPU
		{7F55AF61-68C2-4323-9508-A9F2D7C1A5C9}.Debug|x64.ActiveCfg = Debug|Any CPU
		{7F55AF61-68C2-4323-9508-A9F2D7C1A5C9}.Debug|x64.Build.0 = Debug|Any CPU
		{7F55AF61-68C2-4323-9508-A9F2D7C1A5C9}.Debug|x86.ActiveCfg = Debug|Any CPU
		{7F55AF61-68C2-4323-9508-A9F2D7C1A5C9}.Debug|x86.Build.0 = Debug|Any CPU
		{7F55AF61-68C2-4323-9508-A9F2D7C1A5C9}.Release|Any CPU.ActiveCfg = Release|Any CPU
		{7F55AF61-68C2-4323-9508-A9F2D7C1A5C9}.Release|Any CPU.Build.0 = Release|Any CPU
		{7F55AF61-68C2-4323-9508-A9F2D7C1A5C9}.Release|x64.ActiveCfg = Release|Any CPU
		{7F55AF61-68C2-4323-9508-A9F2D7C1A5C9}.Release|x64.Build.0 = Release|Any CPU
		{7F55AF61-68C2-4323-9508-A9F2D7C1A5C9}.Release|x86.ActiveCfg = Release|Any CPU
		{7F55AF61-68C2-4323-9508-A9F2D7C1A5C9}.Release|x86.Build.0 = Release|Any CPU
		{84C963DF-C302-4A56-B628-7DC3FB75198E}.Debug|Any CPU.ActiveCfg = Debug|Any CPU
		{84C963DF-C302-4A56-B628-7DC3FB75198E}.Debug|Any CPU.Build.0 = Debug|Any CPU
		{84C963DF-C302-4A56-B628-7DC3FB75198E}.Debug|x64.ActiveCfg = Debug|Any CPU
		{84C963DF-C302-4A56-B628-7DC3FB75198E}.Debug|x64.Build.0 = Debug|Any CPU
		{84C963DF-C302-4A56-B628-7DC3FB75198E}.Debug|x86.ActiveCfg = Debug|Any CPU
		{84C963DF-C302-4A56-B628-7DC3FB75198E}.Debug|x86.Build.0 = Debug|Any CPU
		{84C963DF-C302-4A56-B628-7DC3FB75198E}.Release|Any CPU.ActiveCfg = Release|Any CPU
		{84C963DF-C302-4A56-B628-7DC3FB75198E}.Release|Any CPU.Build.0 = Release|Any CPU
		{84C963DF-C302-4A56-B628-7DC3FB75198E}.Release|x64.ActiveCfg = Release|Any CPU
		{84C963DF-C302-4A56-B628-7DC3FB75198E}.Release|x64.Build.0 = Release|Any CPU
		{84C963DF-C302-4A56-B628-7DC3FB75198E}.Release|x86.ActiveCfg = Release|Any CPU
		{84C963DF-C302-4A56-B628-7DC3FB75198E}.Release|x86.Build.0 = Release|Any CPU
	EndGlobalSection
	GlobalSection(SolutionProperties) = preSolution
		HideSolutionNode = FALSE
	EndGlobalSection
	GlobalSection(ExtensibilityGlobals) = postSolution
		SolutionGuid = {6314C95F-0443-4F8C-AB07-039A106D07D8}
	EndGlobalSection
EndGlobal
