
Microsoft Visual Studio Solution File, Format Version 12.00
# Visual Studio Version 17
VisualStudioVersion = 17.12.35707.178 d17.12
MinimumVisualStudioVersion = 10.0.40219.1
Project("{FAE04EC0-301F-11D3-BF4B-00C04F79EFBC}") = "MyBasisWebApi", "MyBasisWebApi\MyBasisWebApi.csproj", "{1B049811-3568-4EA0-84C6-684E0F1E9978}"
EndProject
Project("{FAE04EC0-301F-11D3-BF4B-00C04F79EFBC}") = "BLL", "BLL\BLL.csproj", "{7F55AF61-68C2-4323-9508-A9F2D7C1A5C9}"
EndProject
Project("{FAE04EC0-301F-11D3-BF4B-00C04F79EFBC}") = "DAL", "DAL\DAL.csproj", "{84C963DF-C302-4A56-B628-7DC3FB75198E}"
EndProject
Global
	GlobalSection(SolutionConfigurationPlatforms) = preSolution
		Debug|Any CPU = Debug|Any CPU
		Release|Any CPU = Release|Any CPU
	EndGlobalSection
	GlobalSection(ProjectConfigurationPlatforms) = postSolution
		{1B049811-3568-4EA0-84C6-684E0F1E9978}.Debug|Any CPU.ActiveCfg = Debug|Any CPU
		{1B049811-3568-4EA0-84C6-684E0F1E9978}.Debug|Any CPU.Build.0 = Debug|Any CPU
		{1B049811-3568-4EA0-84C6-684E0F1E9978}.Release|Any CPU.ActiveCfg = Release|Any CPU
		{1B049811-3568-4EA0-84C6-684E0F1E9978}.Release|Any CPU.Build.0 = Release|Any CPU
		{7F55AF61-68C2-4323-9508-A9F2D7C1A5C9}.Debug|Any CPU.ActiveCfg = Debug|Any CPU
		{7F55AF61-68C2-4323-9508-A9F2D7C1A5C9}.Debug|Any CPU.Build.0 = Debug|Any CPU
		{7F55AF61-68C2-4323-9508-A9F2D7C1A5C9}.Release|Any CPU.ActiveCfg = Release|Any CPU
		{7F55AF61-68C2-4323-9508-A9F2D7C1A5C9}.Release|Any CPU.Build.0 = Release|Any CPU
		{84C963DF-C302-4A56-B628-7DC3FB75198E}.Debug|Any CPU.ActiveCfg = Debug|Any CPU
		{84C963DF-C302-4A56-B628-7DC3FB75198E}.Debug|Any CPU.Build.0 = Debug|Any CPU
		{84C963DF-C302-4A56-B628-7DC3FB75198E}.Release|Any CPU.ActiveCfg = Release|Any CPU
		{84C963DF-C302-4A56-B628-7DC3FB75198E}.Release|Any CPU.Build.0 = Release|Any CPU
	EndGlobalSection
	GlobalSection(SolutionProperties) = preSolution
		HideSolutionNode = FALSE
	EndGlobalSection
EndGlobal
